<?xml version="1.0" encoding="utf-8"?>
<Project ToolsVersion="4.0" xmlns="http://schemas.microsoft.com/developer/msbuild/2003">
  <ItemGroup>
    <Filter Include="Source Files">
      <UniqueIdentifier>{4FC737F1-C7A5-4376-A066-2A32D752A2FF}</UniqueIdentifier>
      <Extensions>cpp;c;cc;cxx;def;odl;idl;hpj;bat;asm;asmx</Extensions>
    </Filter>
    <Filter Include="Header Files">
      <UniqueIdentifier>{93995380-89BD-4b04-88EB-625FBE52EBFB}</UniqueIdentifier>
      <Extensions>h;hh;hpp;hxx;hm;inl;inc;xsd</Extensions>
    </Filter>
    <Filter Include="Resource Files">
      <UniqueIdentifier>{67DA6AB6-F800-4c08-8B7A-83BB121AAD01}</UniqueIdentifier>
      <Extensions>rc;ico;cur;bmp;dlg;rc2;rct;bin;rgs;gif;jpg;jpeg;jpe;resx;tiff;tif;png;wav</Extensions>
    </Filter>
  </ItemGroup>
  <ItemGroup>
    <ClCompile Include="main.cpp">
      <Filter>Source Files</Filter>
    </ClCompile>
    <ClCompile Include="src\AccountPanel.cpp">
      <Filter>Source Files</Filter>
    </ClCompile>
    <ClCompile Include="src\AccountStatementFull.cpp">
      <Filter>Source Files</Filter>
    </ClCompile>
    <ClCompile Include="src\AccountStatementSummary.cpp">
      <Filter>Source Files</Filter>
    </ClCompile>
    <ClCompile Include="src\ArtProvider.cpp">
      <Filter>Source Files</Filter>
    </ClCompile>
    <ClCompile Include="src\CurrentOrder.cpp">
      <Filter>Source Files</Filter>
    </ClCompile>
    <ClCompile Include="src\CurrentOrdersGrid.cpp">
      <Filter>Source Files</Filter>
    </ClCompile>
    <ClCompile Include="src\Db.cpp">
      <Filter>Source Files</Filter>
    </ClCompile>
    <ClCompile Include="src\EventTree.cpp">
      <Filter>Source Files</Filter>
    </ClCompile>
    <ClCompile Include="src\GreenThumbFrame.cpp">
      <Filter>Source Files</Filter>
    </ClCompile>
    <ClCompile Include="src\ImagePanel.cpp">
      <Filter>Source Files</Filter>
    </ClCompile>
    <ClCompile Include="src\Logger.cpp">
      <Filter>Source Files</Filter>
    </ClCompile>
    <ClCompile Include="src\MarketPanel.cpp">
      <Filter>Source Files</Filter>
    </ClCompile>
    <ClCompile Include="src\MarketPanels.cpp">
      <Filter>Source Files</Filter>
    </ClCompile>
    <ClCompile Include="src\MarketToolbar.cpp">
      <Filter>Source Files</Filter>
    </ClCompile>
    <ClCompile Include="src\MatchedOrder.cpp">
      <Filter>Source Files</Filter>
    </ClCompile>
    <ClCompile Include="src\MenuTreeData.cpp">
      <Filter>Source Files</Filter>
    </ClCompile>
    <ClCompile Include="src\OddsSpinCtrl.cpp">
      <Filter>Source Files</Filter>
    </ClCompile>
    <ClCompile Include="src\PaginatedGrid.cpp">
      <Filter>Source Files</Filter>
    </ClCompile>
    <ClCompile Include="src\PriceButton.cpp">
      <Filter>Source Files</Filter>
    </ClCompile>
    <ClCompile Include="src\RunnerRow.cpp">
      <Filter>Source Files</Filter>
    </ClCompile>
    <ClCompile Include="src\StakeSpinCtrl.cpp">
      <Filter>Source Files</Filter>
    </ClCompile>
    <ClCompile Include="src\UnmatchedOrder.cpp">
      <Filter>Source Files</Filter>
    </ClCompile>
    <ClCompile Include="src\Util.cpp">
      <Filter>Source Files</Filter>
    </ClCompile>
    <ClCompile Include="src\db\SchemaUpdater.cpp">
      <Filter>Source Files</Filter>
    </ClCompile>
    <ClCompile Include="src\dialog\CurrentOrders.cpp">
      <Filter>Source Files</Filter>
    </ClCompile>
    <ClCompile Include="src\dialog\Html.cpp">
      <Filter>Source Files</Filter>
    </ClCompile>
    <ClCompile Include="src\dialog\LoginDialog.cpp">
      <Filter>Source Files</Filter>
    </ClCompile>
    <ClCompile Include="src\dialog\PlaceBet.cpp">
      <Filter>Source Files</Filter>
    </ClCompile>
    <ClCompile Include="src\dialog\PriceHistory.cpp">
      <Filter>Source Files</Filter>
    </ClCompile>
    <ClCompile Include="src\dialog\Settings.cpp">
      <Filter>Source Files</Filter>
    </ClCompile>
    <ClCompile Include="src\entity\AccountStatementItem.cpp">
      <Filter>Source Files</Filter>
    </ClCompile>
    <ClCompile Include="src\entity\AccountStatementMarket.cpp">
      <Filter>Source Files</Filter>
    </ClCompile>
    <ClCompile Include="src\entity\Config.cpp">
      <Filter>Source Files</Filter>
    </ClCompile>
    <ClCompile Include="src\entity\Market.cpp">
      <Filter>Source Files</Filter>
    </ClCompile>
    <ClCompile Include="src\market\HandicapPanel.cpp">
      <Filter>Source Files</Filter>
    </ClCompile>
    <ClCompile Include="src\worker\CancelOrders.cpp">
      <Filter>Source Files</Filter>
    </ClCompile>
    <ClCompile Include="src\worker\GetAccountDetails.cpp">
      <Filter>Source Files</Filter>
    </ClCompile>
    <ClCompile Include="src\worker\GetAccountFunds.cpp">
      <Filter>Source Files</Filter>
    </ClCompile>
    <ClCompile Include="src\worker\GetAccountStatement.cpp">
      <Filter>Source Files</Filter>
    </ClCompile>
    <ClCompile Include="src\worker\GetPriceHistoryGraph.cpp">
      <Filter>Source Files</Filter>
    </ClCompile>
    <ClCompile Include="src\worker\ListCurrentOrders.cpp">
      <Filter>Source Files</Filter>
    </ClCompile>
    <ClCompile Include="src\worker\ListMarketBook.cpp">
      <Filter>Source Files</Filter>
    </ClCompile>
    <ClCompile Include="src\worker\ListMarketCatalogue.cpp">
      <Filter>Source Files</Filter>
    </ClCompile>
    <ClCompile Include="src\worker\Login.cpp">
      <Filter>Source Files</Filter>
    </ClCompile>
    <ClCompile Include="src\worker\PlaceOrders.cpp">
      <Filter>Source Files</Filter>
    </ClCompile>
    <ClCompile Include="src\worker\RefreshMenu.cpp">
      <Filter>Source Files</Filter>
    </ClCompile>
    <ClCompile Include="src\worker\ReplaceOrders.cpp">
      <Filter>Source Files</Filter>
    </ClCompile>
    <ClCompile Include="src\worker\Worker.cpp">
      <Filter>Source Files</Filter>
    </ClCompile>
    <ClCompile Include="src\worker\WorkerManager.cpp">
      <Filter>Source Files</Filter>
    </ClCompile>
  </ItemGroup>
  <ItemGroup>
    <ClInclude Include="include\AccountPanel.h">
      <Filter>Header Files</Filter>
    </ClInclude>
    <ClInclude Include="include\AccountStatementFull.h">
      <Filter>Header Files</Filter>
    </ClInclude>
    <ClInclude Include="include\AccountStatementSummary.h">
      <Filter>Header Files</Filter>
    </ClInclude>
    <ClInclude Include="include\ArtProvider.h">
      <Filter>Header Files</Filter>
    </ClInclude>
    <ClInclude Include="include\CurrentOrder.h">
      <Filter>Header Files</Filter>
    </ClInclude>
    <ClInclude Include="include\CurrentOrdersGrid.h">
      <Filter>Header Files</Filter>
    </ClInclude>
    <ClInclude Include="include\Db.h">
      <Filter>Header Files</Filter>
    </ClInclude>
    <ClInclude Include="include\EventTree.h">
      <Filter>Header Files</Filter>
    </ClInclude>
    <ClInclude Include="include\GreenThumb.h">
      <Filter>Header Files</Filter>
    </ClInclude>
    <ClInclude Include="include\GreenThumbFrame.h">
      <Filter>Header Files</Filter>
    </ClInclude>
    <ClInclude Include="include\ImagePanel.h">
      <Filter>Header Files</Filter>
    </ClInclude>
    <ClInclude Include="include\Logger.h">
      <Filter>Header Files</Filter>
    </ClInclude>
    <ClInclude Include="include\MarketPanel.h">
      <Filter>Header Files</Filter>
    </ClInclude>
    <ClInclude Include="include\MarketPanels.h">
      <Filter>Header Files</Filter>
    </ClInclude>
    <ClInclude Include="include\MarketToolbar.h">
      <Filter>Header Files</Filter>
    </ClInclude>
    <ClInclude Include="include\MatchedOrder.h">
      <Filter>Header Files</Filter>
    </ClInclude>
    <ClInclude Include="include\MenuTreeData.h">
      <Filter>Header Files</Filter>
    </ClInclude>
    <ClInclude Include="include\OddsSpinCtrl.h">
      <Filter>Header Files</Filter>
    </ClInclude>
    <ClInclude Include="include\PaginatedGrid.h">
      <Filter>Header Files</Filter>
    </ClInclude>
    <ClInclude Include="include\PriceButton.h">
      <Filter>Header Files</Filter>
    </ClInclude>
    <ClInclude Include="include\RunnerRow.h">
      <Filter>Header Files</Filter>
    </ClInclude>
    <ClInclude Include="include\StakeSpinCtrl.h">
      <Filter>Header Files</Filter>
    </ClInclude>
    <ClInclude Include="include\UnmatchedOrder.h">
      <Filter>Header Files</Filter>
    </ClInclude>
    <ClInclude Include="include\Util.h">
      <Filter>Header Files</Filter>
    </ClInclude>
    <ClInclude Include="include\db\SchemaUpdater.h">
      <Filter>Header Files</Filter>
    </ClInclude>
    <ClInclude Include="include\dialog\CurrentOrders.h">
      <Filter>Header Files</Filter>
    </ClInclude>
    <ClInclude Include="include\dialog\Html.h">
      <Filter>Header Files</Filter>
    </ClInclude>
    <ClInclude Include="include\dialog\LoginDialog.h">
      <Filter>Header Files</Filter>
    </ClInclude>
    <ClInclude Include="include\dialog\PlaceBet.h">
      <Filter>Header Files</Filter>
    </ClInclude>
    <ClInclude Include="include\dialog\PriceHistory.h">
      <Filter>Header Files</Filter>
    </ClInclude>
    <ClInclude Include="include\dialog\Settings.h">
      <Filter>Header Files</Filter>
    </ClInclude>
    <ClInclude Include="include\entity\AccountStatementItem.h">
      <Filter>Header Files</Filter>
    </ClInclude>
    <ClInclude Include="include\entity\AccountStatementMarket.h">
      <Filter>Header Files</Filter>
    </ClInclude>
    <ClInclude Include="include\entity\Config.h">
      <Filter>Header Files</Filter>
    </ClInclude>
    <ClInclude Include="include\entity\Market.h">
      <Filter>Header Files</Filter>
    </ClInclude>
    <ClInclude Include="include\market\HandicapPanel.h">
      <Filter>Header Files</Filter>
    </ClInclude>
    <ClInclude Include="include\worker\CancelOrders.h">
      <Filter>Header Files</Filter>
    </ClInclude>
    <ClInclude Include="include\worker\GetAccountDetails.h">
      <Filter>Header Files</Filter>
    </ClInclude>
    <ClInclude Include="include\worker\GetAccountFunds.h">
      <Filter>Header Files</Filter>
    </ClInclude>
    <ClInclude Include="include\worker\GetAccountStatement.h">
      <Filter>Header Files</Filter>
    </ClInclude>
    <ClInclude Include="include\worker\GetPriceHistoryGraph.h">
      <Filter>Header Files</Filter>
    </ClInclude>
    <ClInclude Include="include\worker\ListCurrentOrders.h">
      <Filter>Header Files</Filter>
    </ClInclude>
    <ClInclude Include="include\worker\ListMarketBook.h">
      <Filter>Header Files</Filter>
    </ClInclude>
    <ClInclude Include="include\worker\ListMarketCatalogue.h">
      <Filter>Header Files</Filter>
    </ClInclude>
    <ClInclude Include="include\worker\Login.h">
      <Filter>Header Files</Filter>
    </ClInclude>
    <ClInclude Include="include\worker\PlaceOrders.h">
      <Filter>Header Files</Filter>
    </ClInclude>
    <ClInclude Include="include\worker\RefreshMenu.h">
      <Filter>Header Files</Filter>
    </ClInclude>
    <ClInclude Include="include\worker\ReplaceOrders.h">
      <Filter>Header Files</Filter>
    </ClInclude>
    <ClInclude Include="include\worker\Worker.h">
      <Filter>Header Files</Filter>
    </ClInclude>
    <ClInclude Include="include\worker\WorkerManager.h">
      <Filter>Header Files</Filter>
    </ClInclude>
  </ItemGroup>
</Project>